// !$*UTF8*$!
{
	archiveVersion = 1;
	classes = {
	};
	objectVersion = 56;
	objects = {

/* Begin PBXBuildFile section */
		A240A0562958B18B00F246D0 /* Task_ManagerApp.swift in Sources */ = {isa = PBXBuildFile; fileRef = A240A0552958B18B00F246D0 /* Task_ManagerApp.swift */; };
		A240A0582958B18B00F246D0 /* ContentView.swift in Sources */ = {isa = PBXBuildFile; fileRef = A240A0572958B18B00F246D0 /* ContentView.swift */; };
		A240A05A2958B18C00F246D0 /* Assets.xcassets in Resources */ = {isa = PBXBuildFile; fileRef = A240A0592958B18C00F246D0 /* Assets.xcassets */; };
		A240A05D2958B18C00F246D0 /* Preview Assets.xcassets in Resources */ = {isa = PBXBuildFile; fileRef = A240A05C2958B18C00F246D0 /* Preview Assets.xcassets */; };
		A240A05F2958B18C00F246D0 /* Persistence.swift in Sources */ = {isa = PBXBuildFile; fileRef = A240A05E2958B18C00F246D0 /* Persistence.swift */; };
		A240A0622958B18C00F246D0 /* Task_Manager.xcdatamodeld in Sources */ = {isa = PBXBuildFile; fileRef = A240A0602958B18C00F246D0 /* Task_Manager.xcdatamodeld */; };
		A240A06D2958B52D00F246D0 /* Home.swift in Sources */ = {isa = PBXBuildFile; fileRef = A240A06C2958B52D00F246D0 /* Home.swift */; };
		A257D1F52969CCC800E5E4FD /* DynamicFilteredView.swift in Sources */ = {isa = PBXBuildFile; fileRef = A257D1F42969CCC800E5E4FD /* DynamicFilteredView.swift */; };
		A257D1F7296A136600E5E4FD /* TaskView.swift in Sources */ = {isa = PBXBuildFile; fileRef = A257D1F6296A136600E5E4FD /* TaskView.swift */; };
		A2B619FF2958BE1F0002B6CB /* TaskViewModel.swift in Sources */ = {isa = PBXBuildFile; fileRef = A2B619FE2958BE1F0002B6CB /* TaskViewModel.swift */; };
		A2B61A012958C8E60002B6CB /* AddNewTask.swift in Sources */ = {isa = PBXBuildFile; fileRef = A2B61A002958C8E60002B6CB /* AddNewTask.swift */; };
/* End PBXBuildFile section */

/* Begin PBXFileReference section */
		A240A0522958B18B00F246D0 /* Task Manager.app */ = {isa = PBXFileReference; explicitFileType = wrapper.application; includeInIndex = 0; path = "Task Manager.app"; sourceTree = BUILT_PRODUCTS_DIR; };
		A240A0552958B18B00F246D0 /* Task_ManagerApp.swift */ = {isa = PBXFileReference; lastKnownFileType = sourcecode.swift; path = Task_ManagerApp.swift; sourceTree = "<group>"; };
		A240A0572958B18B00F246D0 /* ContentView.swift */ = {isa = PBXFileReference; lastKnownFileType = sourcecode.swift; path = ContentView.swift; sourceTree = "<group>"; };
		A240A0592958B18C00F246D0 /* Assets.xcassets */ = {isa = PBXFileReference; lastKnownFileType = folder.assetcatalog; path = Assets.xcassets; sourceTree = "<group>"; };
		A240A05C2958B18C00F246D0 /* Preview Assets.xcassets */ = {isa = PBXFileReference; lastKnownFileType = folder.assetcatalog; path = "Preview Assets.xcassets"; sourceTree = "<group>"; };
		A240A05E2958B18C00F246D0 /* Persistence.swift */ = {isa = PBXFileReference; lastKnownFileType = sourcecode.swift; path = Persistence.swift; sourceTree = "<group>"; };
		A240A0612958B18C00F246D0 /* Task_Manager.xcdatamodel */ = {isa = PBXFileReference; lastKnownFileType = wrapper.xcdatamodel; path = Task_Manager.xcdatamodel; sourceTree = "<group>"; };
		A240A06C2958B52D00F246D0 /* Home.swift */ = {isa = PBXFileReference; lastKnownFileType = sourcecode.swift; path = Home.swift; sourceTree = "<group>"; };
		A257D1F42969CCC800E5E4FD /* DynamicFilteredView.swift */ = {isa = PBXFileReference; lastKnownFileType = sourcecode.swift; path = DynamicFilteredView.swift; sourceTree = "<group>"; };
		A257D1F6296A136600E5E4FD /* TaskView.swift */ = {isa = PBXFileReference; lastKnownFileType = sourcecode.swift; path = TaskView.swift; sourceTree = "<group>"; };
		A2AB00552961E5790051E22B /* Task-Manager-Info.plist */ = {isa = PBXFileReference; lastKnownFileType = text.plist; path = "Task-Manager-Info.plist"; sourceTree = SOURCE_ROOT; };
		A2B619FE2958BE1F0002B6CB /* TaskViewModel.swift */ = {isa = PBXFileReference; lastKnownFileType = sourcecode.swift; path = TaskViewModel.swift; sourceTree = "<group>"; };
		A2B61A002958C8E60002B6CB /* AddNewTask.swift */ = {isa = PBXFileReference; lastKnownFileType = sourcecode.swift; path = AddNewTask.swift; sourceTree = "<group>"; };
/* End PBXFileReference section */

/* Begin PBXFrameworksBuildPhase section */
		A240A04F2958B18B00F246D0 /* Frameworks */ = {
			isa = PBXFrameworksBuildPhase;
			buildActionMask = 2147483647;
			files = (
			);
			runOnlyForDeploymentPostprocessing = 0;
		};
/* End PBXFrameworksBuildPhase section */

/* Begin PBXGroup section */
		A240A0492958B18B00F246D0 = {
			isa = PBXGroup;
			children = (
				A240A0542958B18B00F246D0 /* Task Manager */,
				A240A0532958B18B00F246D0 /* Products */,
			);
			sourceTree = "<group>";
		};
		A240A0532958B18B00F246D0 /* Products */ = {
			isa = PBXGroup;
			children = (
				A240A0522958B18B00F246D0 /* Task Manager.app */,
			);
			name = Products;
			sourceTree = "<group>";
		};
		A240A0542958B18B00F246D0 /* Task Manager */ = {
			isa = PBXGroup;
			children = (
				A2AB00552961E5790051E22B /* Task-Manager-Info.plist */,
				A240A0692958B30200F246D0 /* ViewModel */,
				A240A0682958B2E700F246D0 /* View */,
				A240A0552958B18B00F246D0 /* Task_ManagerApp.swift */,
				A240A0572958B18B00F246D0 /* ContentView.swift */,
				A240A0592958B18C00F246D0 /* Assets.xcassets */,
				A240A05E2958B18C00F246D0 /* Persistence.swift */,
				A240A0602958B18C00F246D0 /* Task_Manager.xcdatamodeld */,
				A240A05B2958B18C00F246D0 /* Preview Content */,
			);
			path = "Task Manager";
			sourceTree = "<group>";
		};
		A240A05B2958B18C00F246D0 /* Preview Content */ = {
			isa = PBXGroup;
			children = (
				A240A05C2958B18C00F246D0 /* Preview Assets.xcassets */,
			);
			path = "Preview Content";
			sourceTree = "<group>";
		};
		A240A0682958B2E700F246D0 /* View */ = {
			isa = PBXGroup;
			children = (
				A2B61A002958C8E60002B6CB /* AddNewTask.swift */,
				A240A06C2958B52D00F246D0 /* Home.swift */,
				A257D1F6296A136600E5E4FD /* TaskView.swift */,
				A257D1F42969CCC800E5E4FD /* DynamicFilteredView.swift */,
			);
			path = View;
			sourceTree = "<group>";
		};
		A240A0692958B30200F246D0 /* ViewModel */ = {
			isa = PBXGroup;
			children = (
				A2B619FE2958BE1F0002B6CB /* TaskViewModel.swift */,
			);
			path = ViewModel;
			sourceTree = "<group>";
		};
/* End PBXGroup section */

/* Begin PBXNativeTarget section */
		A240A0512958B18B00F246D0 /* Task Manager */ = {
			isa = PBXNativeTarget;
			buildConfigurationList = A240A0652958B18C00F246D0 /* Build configuration list for PBXNativeTarget "Task Manager" */;
			buildPhases = (
				A240A04E2958B18B00F246D0 /* Sources */,
				A240A04F2958B18B00F246D0 /* Frameworks */,
				A240A0502958B18B00F246D0 /* Resources */,
			);
			buildRules = (
			);
			dependencies = (
			);
			name = "Task Manager";
			productName = "Task Manager";
			productReference = A240A0522958B18B00F246D0 /* Task Manager.app */;
			productType = "com.apple.product-type.application";
		};
/* End PBXNativeTarget section */

/* Begin PBXProject section */
		A240A04A2958B18B00F246D0 /* Project object */ = {
			isa = PBXProject;
			attributes = {
				BuildIndependentTargetsInParallel = 1;
				LastSwiftUpdateCheck = 1420;
				LastUpgradeCheck = 1420;
				TargetAttributes = {
					A240A0512958B18B00F246D0 = {
						CreatedOnToolsVersion = 14.2;
					};
				};
			};
			buildConfigurationList = A240A04D2958B18B00F246D0 /* Build configuration list for PBXProject "Task Manager" */;
			compatibilityVersion = "Xcode 14.0";
			developmentRegion = en;
			hasScannedForEncodings = 0;
			knownRegions = (
				en,
				Base,
			);
			mainGroup = A240A0492958B18B00F246D0;
			productRefGroup = A240A0532958B18B00F246D0 /* Products */;
			projectDirPath = "";
			projectRoot = "";
			targets = (
				A240A0512958B18B00F246D0 /* Task Manager */,
			);
		};
/* End PBXProject section */

/* Begin PBXResourcesBuildPhase section */
		A240A0502958B18B00F246D0 /* Resources */ = {
			isa = PBXResourcesBuildPhase;
			buildActionMask = 2147483647;
			files = (
				A240A05D2958B18C00F246D0 /* Preview Assets.xcassets in Resources */,
				A240A05A2958B18C00F246D0 /* Assets.xcassets in Resources */,
			);
			runOnlyForDeploymentPostprocessing = 0;
		};
/* End PBXResourcesBuildPhase section */

/* Begin PBXSourcesBuildPhase section */
		A240A04E2958B18B00F246D0 /* Sources */ = {
			isa = PBXSourcesBuildPhase;
			buildActionMask = 2147483647;
			files = (
				A257D1F7296A136600E5E4FD /* TaskView.swift in Sources */,
				A240A05F2958B18C00F246D0 /* Persistence.swift in Sources */,
				A2B619FF2958BE1F0002B6CB /* TaskViewModel.swift in Sources */,
				A240A0582958B18B00F246D0 /* ContentView.swift in Sources */,
				A257D1F52969CCC800E5E4FD /* DynamicFilteredView.swift in Sources */,
				A240A06D2958B52D00F246D0 /* Home.swift in Sources */,
				A2B61A012958C8E60002B6CB /* AddNewTask.swift in Sources */,
				A240A0622958B18C00F246D0 /* Task_Manager.xcdatamodeld in Sources */,
				A240A0562958B18B00F246D0 /* Task_ManagerApp.swift in Sources */,
			);
			runOnlyForDeploymentPostprocessing = 0;
		};
/* End PBXSourcesBuildPhase section */

/* Begin XCBuildConfiguration section */
		A240A0632958B18C00F246D0 /* Debug */ = {
			isa = XCBuildConfiguration;
			buildSettings = {
				ALWAYS_SEARCH_USER_PATHS = NO;
				CLANG_ANALYZER_NONNULL = YES;
				CLANG_ANALYZER_NUMBER_OBJECT_CONVERSION = YES_AGGRESSIVE;
				CLANG_CXX_LANGUAGE_STANDARD = "gnu++20";
				CLANG_ENABLE_MODULES = YES;
				CLANG_ENABLE_OBJC_ARC = YES;
				CLANG_ENABLE_OBJC_WEAK = YES;
				CLANG_WARN_BLOCK_CAPTURE_AUTORELEASING = YES;
				CLANG_WARN_BOOL_CONVERSION = YES;
				CLANG_WARN_COMMA = YES;
				CLANG_WARN_CONSTANT_CONVERSION = YES;
				CLANG_WARN_DEPRECATED_OBJC_IMPLEMENTATIONS = YES;
				CLANG_WARN_DIRECT_OBJC_ISA_USAGE = YES_ERROR;
				CLANG_WARN_DOCUMENTATION_COMMENTS = YES;
				CLANG_WARN_EMPTY_BODY = YES;
				CLANG_WARN_ENUM_CONVERSION = YES;
				CLANG_WARN_INFINITE_RECURSION = YES;
				CLANG_WARN_INT_CONVERSION = YES;
				CLANG_WARN_NON_LITERAL_NULL_CONVERSION = YES;
				CLANG_WARN_OBJC_IMPLICIT_RETAIN_SELF = YES;
				CLANG_WARN_OBJC_LITERAL_CONVERSION = YES;
				CLANG_WARN_OBJC_ROOT_CLASS = YES_ERROR;
				CLANG_WARN_QUOTED_INCLUDE_IN_FRAMEWORK_HEADER = YES;
				CLANG_WARN_RANGE_LOOP_ANALYSIS = YES;
				CLANG_WARN_STRICT_PROTOTYPES = YES;
				CLANG_WARN_SUSPICIOUS_MOVE = YES;
				CLANG_WARN_UNGUARDED_AVAILABILITY = YES_AGGRESSIVE;
				CLANG_WARN_UNREACHABLE_CODE = YES;
				CLANG_WARN__DUPLICATE_METHOD_MATCH = YES;
				COPY_PHASE_STRIP = NO;
				DEBUG_INFORMATION_FORMAT = dwarf;
				ENABLE_STRICT_OBJC_MSGSEND = YES;
				ENABLE_TESTABILITY = YES;
				GCC_C_LANGUAGE_STANDARD = gnu11;
				GCC_DYNAMIC_NO_PIC = NO;
				GCC_NO_COMMON_BLOCKS = YES;
				GCC_OPTIMIZATION_LEVEL = 0;
				GCC_PREPROCESSOR_DEFINITIONS = (
					"DEBUG=1",
					"$(inherited)",
				);
				GCC_WARN_64_TO_32_BIT_CONVERSION = YES;
				GCC_WARN_ABOUT_RETURN_TYPE = YES_ERROR;
				GCC_WARN_UNDECLARED_SELECTOR = YES;
				GCC_WARN_UNINITIALIZED_AUTOS = YES_AGGRESSIVE;
				GCC_WARN_UNUSED_FUNCTION = YES;
				GCC_WARN_UNUSED_VARIABLE = YES;
				IPHONEOS_DEPLOYMENT_TARGET = 16.2;
				MTL_ENABLE_DEBUG_INFO = INCLUDE_SOURCE;
				MTL_FAST_MATH = YES;
				ONLY_ACTIVE_ARCH = YES;
				SDKROOT = iphoneos;
				SWIFT_ACTIVE_COMPILATION_CONDITIONS = DEBUG;
				SWIFT_OPTIMIZATION_LEVEL = "-Onone";
			};
			name = Debug;
		};
		A240A0642958B18C00F246D0 /* Release */ = {
			isa = XCBuildConfiguration;
			buildSettings = {
				ALWAYS_SEARCH_USER_PATHS = NO;
				CLANG_ANALYZER_NONNULL = YES;
				CLANG_ANALYZER_NUMBER_OBJECT_CONVERSION = YES_AGGRESSIVE;
				CLANG_CXX_LANGUAGE_STANDARD = "gnu++20";
				CLANG_ENABLE_MODULES = YES;
				CLANG_ENABLE_OBJC_ARC = YES;
				CLANG_ENABLE_OBJC_WEAK = YES;
				CLANG_WARN_BLOCK_CAPTURE_AUTORELEASING = YES;
				CLANG_WARN_BOOL_CONVERSION = YES;
				CLANG_WARN_COMMA = YES;
				CLANG_WARN_CONSTANT_CONVERSION = YES;
				CLANG_WARN_DEPRECATED_OBJC_IMPLEMENTATIONS = YES;
				CLANG_WARN_DIRECT_OBJC_ISA_USAGE = YES_ERROR;
				CLANG_WARN_DOCUMENTATION_COMMENTS = YES;
				CLANG_WARN_EMPTY_BODY = YES;
				CLANG_WARN_ENUM_CONVERSION = YES;
				CLANG_WARN_INFINITE_RECURSION = YES;
				CLANG_WARN_INT_CONVERSION = YES;
				CLANG_WARN_NON_LITERAL_NULL_CONVERSION = YES;
				CLANG_WARN_OBJC_IMPLICIT_RETAIN_SELF = YES;
				CLANG_WARN_OBJC_LITERAL_CONVERSION = YES;
				CLANG_WARN_OBJC_ROOT_CLASS = YES_ERROR;
				CLANG_WARN_QUOTED_INCLUDE_IN_FRAMEWORK_HEADER = YES;
				CLANG_WARN_RANGE_LOOP_ANALYSIS = YES;
				CLANG_WARN_STRICT_PROTOTYPES = YES;
				CLANG_WARN_SUSPICIOUS_MOVE = YES;
				CLANG_WARN_UNGUARDED_AVAILABILITY = YES_AGGRESSIVE;
				CLANG_WARN_UNREACHABLE_CODE = YES;
				CLANG_WARN__DUPLICATE_METHOD_MATCH = YES;
				COPY_PHASE_STRIP = NO;
				DEBUG_INFORMATION_FORMAT = "dwarf-with-dsym";
				ENABLE_NS_ASSERTIONS = NO;
				ENABLE_STRICT_OBJC_MSGSEND = YES;
				GCC_C_LANGUAGE_STANDARD = gnu11;
				GCC_NO_COMMON_BLOCKS = YES;
				GCC_WARN_64_TO_32_BIT_CONVERSION = YES;
				GCC_WARN_ABOUT_RETURN_TYPE = YES_ERROR;
				GCC_WARN_UNDECLARED_SELECTOR = YES;
				GCC_WARN_UNINITIALIZED_AUTOS = YES_AGGRESSIVE;
				GCC_WARN_UNUSED_FUNCTION = YES;
				GCC_WARN_UNUSED_VARIABLE = YES;
				IPHONEOS_DEPLOYMENT_TARGET = 16.2;
				MTL_ENABLE_DEBUG_INFO = NO;
				MTL_FAST_MATH = YES;
				SDKROOT = iphoneos;
				SWIFT_COMPILATION_MODE = wholemodule;
				SWIFT_OPTIMIZATION_LEVEL = "-O";
				VALIDATE_PRODUCT = YES;
			};
			name = Release;
		};
		A240A0662958B18C00F246D0 /* Debug */ = {
			isa = XCBuildConfiguration;
			buildSettings = {
				ASSETCATALOG_COMPILER_APPICON_NAME = AppIcon;
				ASSETCATALOG_COMPILER_GLOBAL_ACCENT_COLOR_NAME = AccentColor;
				CODE_SIGN_STYLE = Automatic;
				CURRENT_PROJECT_VERSION = 1;
				DEVELOPMENT_ASSET_PATHS = "\"Task Manager/Preview Content\"";
				DEVELOPMENT_TEAM = 7J8KU736H4;
				ENABLE_PREVIEWS = YES;
				GENERATE_INFOPLIST_FILE = YES;
				INFOPLIST_FILE = "Task-Manager-Info.plist";
				INFOPLIST_KEY_UIApplicationSupportsIndirectInputEvents = YES;
				INFOPLIST_KEY_UILaunchScreen_Generation = YES;
				INFOPLIST_KEY_UISupportedInterfaceOrientations_iPad = "UIInterfaceOrientationPortrait UIInterfaceOrientationPortraitUpsideDown UIInterfaceOrientationLandscapeLeft UIInterfaceOrientationLandscapeRight";
				INFOPLIST_KEY_UISupportedInterfaceOrientations_iPhone = "UIInterfaceOrientationPortrait UIInterfaceOrientationLandscapeLeft UIInterfaceOrientationLandscapeRight";
				LD_RUNPATH_SEARCH_PATHS = (
					"$(inherited)",
					"@executable_path/Frameworks",
				);
				MARKETING_VERSION = 1.0;
				PRODUCT_BUNDLE_IDENTIFIER = "com.aristos.taskmanager.Task-Manager";
				PRODUCT_NAME = "$(TARGET_NAME)";
				SWIFT_EMIT_LOC_STRINGS = YES;
				SWIFT_VERSION = 5.0;
				TARGETED_DEVICE_FAMILY = "1,2";
			};
			name = Debug;
		};
		A240A0672958B18C00F246D0 /* Release */ = {
			isa = XCBuildConfiguration;
			buildSettings = {
				ASSETCATALOG_COMPILER_APPICON_NAME = AppIcon;
				ASSETCATALOG_COMPILER_GLOBAL_ACCENT_COLOR_NAME = AccentColor;
				CODE_SIGN_STYLE = Automatic;
				CURRENT_PROJECT_VERSION = 1;
				DEVELOPMENT_ASSET_PATHS = "\"Task Manager/Preview Content\"";
				DEVELOPMENT_TEAM = 7J8KU736H4;
				ENABLE_PREVIEWS = YES;
				GENERATE_INFOPLIST_FILE = YES;
				INFOPLIST_FILE = "Task-Manager-Info.plist";
				INFOPLIST_KEY_UIApplicationSupportsIndirectInputEvents = YES;
				INFOPLIST_KEY_UILaunchScreen_Generation = YES;
				INFOPLIST_KEY_UISupportedInterfaceOrientations_iPad = "UIInterfaceOrientationPortrait UIInterfaceOrientationPortraitUpsideDown UIInterfaceOrientationLandscapeLeft UIInterfaceOrientationLandscapeRight";
				INFOPLIST_KEY_UISupportedInterfaceOrientations_iPhone = "UIInterfaceOrientationPortrait UIInterfaceOrientationLandscapeLeft UIInterfaceOrientationLandscapeRight";
				LD_RUNPATH_SEARCH_PATHS = (
					"$(inherited)",
					"@executable_path/Frameworks",
				);
				MARKETING_VERSION = 1.0;
				PRODUCT_BUNDLE_IDENTIFIER = "com.aristos.taskmanager.Task-Manager";
				PRODUCT_NAME = "$(TARGET_NAME)";
				SWIFT_EMIT_LOC_STRINGS = YES;
				SWIFT_VERSION = 5.0;
				TARGETED_DEVICE_FAMILY = "1,2";
			};
			name = Release;
		};
/* End XCBuildConfiguration section */

/* Begin XCConfigurationList section */
		A240A04D2958B18B00F246D0 /* Build configuration list for PBXProject "Task Manager" */ = {
			isa = XCConfigurationList;
			buildConfigurations = (
				A240A0632958B18C00F246D0 /* Debug */,
				A240A0642958B18C00F246D0 /* Release */,
			);
			defaultConfigurationIsVisible = 0;
			defaultConfigurationName = Release;
		};
		A240A0652958B18C00F246D0 /* Build configuration list for PBXNativeTarget "Task Manager" */ = {
			isa = XCConfigurationList;
			buildConfigurations = (
				A240A0662958B18C00F246D0 /* Debug */,
				A240A0672958B18C00F246D0 /* Release */,
			);
			defaultConfigurationIsVisible = 0;
			defaultConfigurationName = Release;
		};
/* End XCConfigurationList section */

/* Begin XCVersionGroup section */
		A240A0602958B18C00F246D0 /* Task_Manager.xcdatamodeld */ = {
			isa = XCVersionGroup;
			children = (
				A240A0612958B18C00F246D0 /* Task_Manager.xcdatamodel */,
			);
			currentVersion = A240A0612958B18C00F246D0 /* Task_Manager.xcdatamodel */;
			path = Task_Manager.xcdatamodeld;
			sourceTree = "<group>";
			versionGroupType = wrapper.xcdatamodel;
		};
/* End XCVersionGroup section */
	};
	rootObject = A240A04A2958B18B00F246D0 /* Project object */;
}
